
Microsoft Visual Studio Solution File, Format Version 12.00
# Visual Studio Version 17
VisualStudioVersion = 17.7.34031.279
MinimumVisualStudioVersion = 10.0.40219.1
Project("{FAE04EC0-301F-11D3-BF4B-00C04F79EFBC}") = "DoAnQLHocSinhTHPT", "DoAnQLHocSinhTHPT\DoAnQLHocSinhTHPT.csproj", "{B10BFDF3-1171-4E48-B8A8-F631AAC71168}"
EndProject
Global
	GlobalSection(SolutionConfigurationPlatforms) = preSolution
		Debug|Any CPU = Debug|Any CPU
		Release|Any CPU = Release|Any CPU
	EndGlobalSection
	GlobalSection(ProjectConfigurationPlatforms) = postSolution
		{B10BFDF3-1171-4E48-B8A8-F631AAC71168}.Debug|Any CPU.ActiveCfg = Debug|Any CPU
		{B10BFDF3-1171-4E48-B8A8-F631AAC71168}.Debug|Any CPU.Build.0 = Debug|Any CPU
		{B10BFDF3-1171-4E48-B8A8-F631AAC71168}.Release|Any CPU.ActiveCfg = Release|Any CPU
		{B10BFDF3-1171-4E48-B8A8-F631AAC71168}.Release|Any CPU.Build.0 = Release|Any CPU
	EndGlobalSection
	GlobalSection(SolutionProperties) = preSolution
		HideSolutionNode = FALSE
	EndGlobalSection
	GlobalSection(ExtensibilityGlobals) = postSolution
		SolutionGuid = {48E370EB-6B07-43B9-867A-D9A6F029EA45}
	EndGlobalSection
EndGlobal
